
Microsoft Visual Studio Solution File, Format Version 11.00
# Visual Studio 2010
Project("{FAE04EC0-301F-11D3-BF4B-00C04F79EFBC}") = "ActivityProject", "ActivityProject\ActivityProject.csproj", "{19E38C38-4B3B-4593-B9D4-04788DC9B5BC}"
EndProject
Global
	GlobalSection(SolutionConfigurationPlatforms) = preSolution
		Debug|Any CPU = Debug|Any CPU
		Release|Any CPU = Release|Any CPU
	EndGlobalSection
	GlobalSection(ProjectConfigurationPlatforms) = postSolution
		{19E38C38-4B3B-4593-B9D4-04788DC9B5BC}.Debug|Any CPU.ActiveCfg = Debug|Any CPU
		{19E38C38-4B3B-4593-B9D4-04788DC9B5BC}.Debug|Any CPU.Build.0 = Debug|Any CPU
		{19E38C38-4B3B-4593-B9D4-04788DC9B5BC}.Release|Any CPU.ActiveCfg = Release|Any CPU
		{19E38C38-4B3B-4593-B9D4-04788DC9B5BC}.Release|Any CPU.Build.0 = Release|Any CPU
	EndGlobalSection
	GlobalSection(SolutionProperties) = preSolution
		HideSolutionNode = FALSE
	EndGlobalSection
EndGlobal
